
Microsoft Visual Studio Solution File, Format Version 12.00
# Visual Studio Version 17
VisualStudioVersion = 17.7.34031.279
MinimumVisualStudioVersion = 10.0.40219.1
Project("{FAE04EC0-301F-11D3-BF4B-00C04F79EFBC}") = "WordUnscambler", "WordUnscambler\WordUnscambler.csproj", "{71D4A70F-C62B-44E1-881A-CD8F8E091D3F}"
EndProject
Global
	GlobalSection(SolutionConfigurationPlatforms) = preSolution
		Debug|Any CPU = Debug|Any CPU
		Release|Any CPU = Release|Any CPU
	EndGlobalSection
	GlobalSection(ProjectConfigurationPlatforms) = postSolution
		{71D4A70F-C62B-44E1-881A-CD8F8E091D3F}.Debug|Any CPU.ActiveCfg = Debug|Any CPU
		{71D4A70F-C62B-44E1-881A-CD8F8E091D3F}.Debug|Any CPU.Build.0 = Debug|Any CPU
		{71D4A70F-C62B-44E1-881A-CD8F8E091D3F}.Release|Any CPU.ActiveCfg = Release|Any CPU
		{71D4A70F-C62B-44E1-881A-CD8F8E091D3F}.Release|Any CPU.Build.0 = Release|Any CPU
	EndGlobalSection
	GlobalSection(SolutionProperties) = preSolution
		HideSolutionNode = FALSE
	EndGlobalSection
	GlobalSection(ExtensibilityGlobals) = postSolution
		SolutionGuid = {49DA24EF-4333-429E-ABB8-98D27A5B5255}
	EndGlobalSection
EndGlobal
